{
  "requires": true,
  "lockfileVersion": 1,
  "dependencies": {
    "ag-grid-community": {
      "version": "23.1.0",
      "resolved": "https://registry.npmjs.org/ag-grid-community/-/ag-grid-community-23.1.0.tgz",
      "integrity": "sha512-7MBrjKR7jwvwex12VvsFCXcPEIpC8yqjf8cSFLnMuououQt/O32KaHaTorPlz4SRzt92OZ4VZuYSZAH7/SBQMw=="
    }
  }
}
